
Microsoft Visual Studio Solution File, Format Version 12.00
# Visual Studio 15
VisualStudioVersion = 15.0.27703.2026
MinimumVisualStudioVersion = 10.0.40219.1
Project("{FAE04EC0-301F-11D3-BF4B-00C04F79EFBC}") = "ShipmentService.RequestProcessor", "ShipmentService.RequestProcessor\ShipmentService.RequestProcessor.csproj", "{8D6C0A93-3728-4FBB-9930-F4BE433FB865}"
EndProject
Project("{FAE04EC0-301F-11D3-BF4B-00C04F79EFBC}") = "ShipmentService.DependencyResolver", "ShipmentService.DependencyResolver\ShipmentService.DependencyResolver.csproj", "{693A9EA9-EC9F-41A5-83DA-6675E63E0841}"
EndProject
Project("{FAE04EC0-301F-11D3-BF4B-00C04F79EFBC}") = "ShipmentService.App", "ShipmentService.App\ShipmentService.App.csproj", "{56A6C2A1-A8BD-447F-A100-E2FCD2BA6F1C}"
EndProject
Project("{9A19103F-16F7-4668-BE54-9A1E7A4F7556}") = "ShipmentService.Tests", "ShipmentService.Tests\ShipmentService.Tests.csproj", "{C33D3E87-135A-487B-8CFF-C3571D234021}"
EndProject
Global
	GlobalSection(SolutionConfigurationPlatforms) = preSolution
		Debug|Any CPU = Debug|Any CPU
		Release|Any CPU = Release|Any CPU
	EndGlobalSection
	GlobalSection(ProjectConfigurationPlatforms) = postSolution
		{8D6C0A93-3728-4FBB-9930-F4BE433FB865}.Debug|Any CPU.ActiveCfg = Debug|Any CPU
		{8D6C0A93-3728-4FBB-9930-F4BE433FB865}.Debug|Any CPU.Build.0 = Debug|Any CPU
		{8D6C0A93-3728-4FBB-9930-F4BE433FB865}.Release|Any CPU.ActiveCfg = Release|Any CPU
		{8D6C0A93-3728-4FBB-9930-F4BE433FB865}.Release|Any CPU.Build.0 = Release|Any CPU
		{693A9EA9-EC9F-41A5-83DA-6675E63E0841}.Debug|Any CPU.ActiveCfg = Debug|Any CPU
		{693A9EA9-EC9F-41A5-83DA-6675E63E0841}.Debug|Any CPU.Build.0 = Debug|Any CPU
		{693A9EA9-EC9F-41A5-83DA-6675E63E0841}.Release|Any CPU.ActiveCfg = Release|Any CPU
		{693A9EA9-EC9F-41A5-83DA-6675E63E0841}.Release|Any CPU.Build.0 = Release|Any CPU
		{56A6C2A1-A8BD-447F-A100-E2FCD2BA6F1C}.Debug|Any CPU.ActiveCfg = Debug|Any CPU
		{56A6C2A1-A8BD-447F-A100-E2FCD2BA6F1C}.Debug|Any CPU.Build.0 = Debug|Any CPU
		{56A6C2A1-A8BD-447F-A100-E2FCD2BA6F1C}.Release|Any CPU.ActiveCfg = Release|Any CPU
		{56A6C2A1-A8BD-447F-A100-E2FCD2BA6F1C}.Release|Any CPU.Build.0 = Release|Any CPU
		{C33D3E87-135A-487B-8CFF-C3571D234021}.Debug|Any CPU.ActiveCfg = Debug|Any CPU
		{C33D3E87-135A-487B-8CFF-C3571D234021}.Debug|Any CPU.Build.0 = Debug|Any CPU
		{C33D3E87-135A-487B-8CFF-C3571D234021}.Release|Any CPU.ActiveCfg = Release|Any CPU
		{C33D3E87-135A-487B-8CFF-C3571D234021}.Release|Any CPU.Build.0 = Release|Any CPU
	EndGlobalSection
	GlobalSection(SolutionProperties) = preSolution
		HideSolutionNode = FALSE
	EndGlobalSection
	GlobalSection(ExtensibilityGlobals) = postSolution
		SolutionGuid = {DCC77BCA-825A-414D-8159-00B304894EFB}
	EndGlobalSection
EndGlobal
